{
  "requires": true,
  "lockfileVersion": 1,
  "dependencies": {
    "abortcontroller-polyfill": {
      "version": "1.1.9",
      "resolved": "https://registry.npmjs.org/abortcontroller-polyfill/-/abortcontroller-polyfill-1.1.9.tgz",
      "integrity": "sha512-omvG7zOHIs3BphdH62Kh3xy8nlftAsTyp7PDa9EmC3Jz9pa6sZFYk7UhNgu9Y4sIBhj6jF0RgeFZYvPnsP5sBw=="
    }
  }
}
